
Microsoft Visual Studio Solution File, Format Version 12.00
# Visual Studio Version 16
VisualStudioVersion = 16.0.29519.87
MinimumVisualStudioVersion = 10.0.40219.1
Project("{F184B08F-C81C-45F6-A57F-5ABD9991F28F}") = "E2836", "E2836\E2836.vbproj", "{CBDB9D5A-7C35-44E4-8C93-5D826EFC8206}"
EndProject
Global
	GlobalSection(SolutionConfigurationPlatforms) = preSolution
		Debug|Any CPU = Debug|Any CPU
		Release|Any CPU = Release|Any CPU
	EndGlobalSection
	GlobalSection(ProjectConfigurationPlatforms) = postSolution
		{CBDB9D5A-7C35-44E4-8C93-5D826EFC8206}.Debug|Any CPU.ActiveCfg = Debug|Any CPU
		{CBDB9D5A-7C35-44E4-8C93-5D826EFC8206}.Debug|Any CPU.Build.0 = Debug|Any CPU
		{CBDB9D5A-7C35-44E4-8C93-5D826EFC8206}.Release|Any CPU.ActiveCfg = Release|Any CPU
		{CBDB9D5A-7C35-44E4-8C93-5D826EFC8206}.Release|Any CPU.Build.0 = Release|Any CPU
	EndGlobalSection
	GlobalSection(SolutionProperties) = preSolution
		HideSolutionNode = FALSE
	EndGlobalSection
	GlobalSection(ExtensibilityGlobals) = postSolution
		SolutionGuid = {EEB94F73-F2A2-46ED-936B-0BF5860FFF16}
	EndGlobalSection
EndGlobal
